
Microsoft Visual Studio Solution File, Format Version 12.00
# Visual Studio Version 17
VisualStudioVersion = 17.0.32112.339
MinimumVisualStudioVersion = 10.0.40219.1
Project("{FAE04EC0-301F-11D3-BF4B-00C04F79EFBC}") = "Presentation", "Presentation\Presentation.csproj", "{C1AE3AD8-797F-424F-BE6B-EA4ECD4964E0}"
EndProject
Project("{FAE04EC0-301F-11D3-BF4B-00C04F79EFBC}") = "Infrastructure", "Infrastructure\Infrastructure.csproj", "{873E6B25-BE36-4133-B6D4-CDE725D9D1BF}"
EndProject
Project("{FAE04EC0-301F-11D3-BF4B-00C04F79EFBC}") = "Application", "Application\Application.csproj", "{D5EF5FC7-88EE-4781-A79D-27D8D0DB0C0F}"
EndProject
Project("{FAE04EC0-301F-11D3-BF4B-00C04F79EFBC}") = "Core", "Core\Core.csproj", "{CC21FA1F-4D7A-4133-A34C-9A0DD8C04DC3}"
EndProject
Global
	GlobalSection(SolutionConfigurationPlatforms) = preSolution
		Debug|Any CPU = Debug|Any CPU
		Release|Any CPU = Release|Any CPU
	EndGlobalSection
	GlobalSection(ProjectConfigurationPlatforms) = postSolution
		{C1AE3AD8-797F-424F-BE6B-EA4ECD4964E0}.Debug|Any CPU.ActiveCfg = Debug|Any CPU
		{C1AE3AD8-797F-424F-BE6B-EA4ECD4964E0}.Debug|Any CPU.Build.0 = Debug|Any CPU
		{C1AE3AD8-797F-424F-BE6B-EA4ECD4964E0}.Release|Any CPU.ActiveCfg = Release|Any CPU
		{C1AE3AD8-797F-424F-BE6B-EA4ECD4964E0}.Release|Any CPU.Build.0 = Release|Any CPU
		{873E6B25-BE36-4133-B6D4-CDE725D9D1BF}.Debug|Any CPU.ActiveCfg = Debug|Any CPU
		{873E6B25-BE36-4133-B6D4-CDE725D9D1BF}.Debug|Any CPU.Build.0 = Debug|Any CPU
		{873E6B25-BE36-4133-B6D4-CDE725D9D1BF}.Release|Any CPU.ActiveCfg = Release|Any CPU
		{873E6B25-BE36-4133-B6D4-CDE725D9D1BF}.Release|Any CPU.Build.0 = Release|Any CPU
		{D5EF5FC7-88EE-4781-A79D-27D8D0DB0C0F}.Debug|Any CPU.ActiveCfg = Debug|Any CPU
		{D5EF5FC7-88EE-4781-A79D-27D8D0DB0C0F}.Debug|Any CPU.Build.0 = Debug|Any CPU
		{D5EF5FC7-88EE-4781-A79D-27D8D0DB0C0F}.Release|Any CPU.ActiveCfg = Release|Any CPU
		{D5EF5FC7-88EE-4781-A79D-27D8D0DB0C0F}.Release|Any CPU.Build.0 = Release|Any CPU
		{CC21FA1F-4D7A-4133-A34C-9A0DD8C04DC3}.Debug|Any CPU.ActiveCfg = Debug|Any CPU
		{CC21FA1F-4D7A-4133-A34C-9A0DD8C04DC3}.Debug|Any CPU.Build.0 = Debug|Any CPU
		{CC21FA1F-4D7A-4133-A34C-9A0DD8C04DC3}.Release|Any CPU.ActiveCfg = Release|Any CPU
		{CC21FA1F-4D7A-4133-A34C-9A0DD8C04DC3}.Release|Any CPU.Build.0 = Release|Any CPU
	EndGlobalSection
	GlobalSection(SolutionProperties) = preSolution
		HideSolutionNode = FALSE
	EndGlobalSection
	GlobalSection(ExtensibilityGlobals) = postSolution
		SolutionGuid = {525B1ACE-8F34-4BAF-A1C4-7EC5A0CBB2D3}
	EndGlobalSection
EndGlobal
